PODS:
  - Bolts (1.9.0):
    - Bolts/AppLinks (= 1.9.0)
    - Bolts/Tasks (= 1.9.0)
  - Bolts/AppLinks (1.9.0):
    - Bolts/Tasks
  - Bolts/Tasks (1.9.0)
  - FacebookCore (0.5.0):
    - Bolts (~> 1.9)
    - FBSDKCoreKit (~> 4.37)
  - FacebookLogin (0.5.0):
    - Bolts (~> 1.9)
    - FacebookCore (~> 0.5)
    - FBSDKCoreKit (~> 4.37)
    - FBSDKLoginKit (~> 4.37)
  - FBSDKCoreKit (4.37.0):
    - Bolts (~> 1.7)
  - FBSDKLoginKit (4.37.0):
    - FBSDKCoreKit
  - GoogleSignIn (4.3.0):
    - "GoogleToolboxForMac/NSDictionary+URLArguments (~> 2.1)"
    - "GoogleToolboxForMac/NSString+URLArguments (~> 2.1)"
    - GTMOAuth2 (~> 1.0)
    - GTMSessionFetcher/Core (~> 1.1)
  - GoogleToolboxForMac/DebugUtils (2.1.4):
    - GoogleToolboxForMac/Defines (= 2.1.4)
  - GoogleToolboxForMac/Defines (2.1.4)
  - "GoogleToolboxForMac/NSDictionary+URLArguments (2.1.4)":
    - GoogleToolboxForMac/DebugUtils (= 2.1.4)
    - GoogleToolboxForMac/Defines (= 2.1.4)
    - "GoogleToolboxForMac/NSString+URLArguments (= 2.1.4)"
  - "GoogleToolboxForMac/NSString+URLArguments (2.1.4)"
  - GTMOAuth2 (1.1.6):
    - GTMSessionFetcher (~> 1.1)
  - GTMSessionFetcher (1.2.0):
    - GTMSessionFetcher/Full (= 1.2.0)
  - GTMSessionFetcher/Core (1.2.0)
  - GTMSessionFetcher/Full (1.2.0):
    - GTMSessionFetcher/Core (= 1.2.0)
  - StitchCore (4.0.5):
    - StitchCoreSDK (~> 4.0.5)
  - StitchCoreRemoteMongoDBService (4.0.5):
    - StitchCoreSDK (~> 4.0.5)
  - StitchCoreSDK (4.0.6)
  - StitchRemoteMongoDBService (4.0.5):
    - StitchCore (~> 4.0.5)
    - StitchCoreRemoteMongoDBService (~> 4.0.5)
  - StitchSDK (4.0.5):
    - StitchSDK/StitchSDK (= 4.0.5)
  - StitchSDK/StitchRemoteMongoDBService (4.0.5):
    - StitchRemoteMongoDBService (~> 4.0.5)
  - StitchSDK/StitchSDK (4.0.5):
    - StitchSDK/StitchRemoteMongoDBService

DEPENDENCIES:
  - FacebookLogin
  - GoogleSignIn
  - StitchSDK (~> 4.0.5)

SPEC REPOS:
  https://github.com/cocoapods/specs.git:
    - Bolts
    - FacebookCore
    - FacebookLogin
    - FBSDKCoreKit
    - FBSDKLoginKit
    - GoogleSignIn
    - GoogleToolboxForMac
    - GTMOAuth2
    - GTMSessionFetcher
    - StitchCore
    - StitchCoreRemoteMongoDBService
    - StitchCoreSDK
    - StitchRemoteMongoDBService
    - StitchSDK

SPEC CHECKSUMS:
  Bolts: ac6567323eac61e203f6a9763667d0f711be34c8
  FacebookCore: 74288d0add931d361b1596beae787ab72c438249
  FacebookLogin: ebcf34714a1cb9f0759d9f071cfb01ed500996cf
  FBSDKCoreKit: fe5f3474499a81963e11e3f3a5c753d0a95ca2b4
  FBSDKLoginKit: 2f7249686d1e30ce8a5ef5400eedf50b3e3df332
  GoogleSignIn: 11183592dc63e105475c7305a325045ff95e02b7
  GoogleToolboxForMac: 91c824d21e85b31c2aae9bb011c5027c9b4e738f
  GTMOAuth2: c77fe325e4acd453837e72d91e3b5f13116857b2
  GTMSessionFetcher: 0c4baf0a73acd0041bf9f71ea018deedab5ea84e
  StitchCore: 93969ed38c0777c9d12f3497a0fc37776e618ad5
  StitchCoreRemoteMongoDBService: ea279f1595bd4bd08fd7b0154a2265cf160adbc3
  StitchCoreSDK: 6a045e7ef542377efc402177535619e7d5a6b164
  StitchRemoteMongoDBService: e647002187b90bafcf83b7d2d5600016f6712417
  StitchSDK: 066c767799237d3ddf49ba702f8fdc4199e7e68e

PODFILE CHECKSUM: ff93328153fbf991af8d0e22f3aa98219f7b5450

COCOAPODS: 1.5.3
